// !$*UTF8*$!
{
	archiveVersion = 1;
	classes = {
	};
	objectVersion = 50;
	objects = {

/* Begin PBXBuildFile section */
		73AD9A8601017C1ED1707F0F /* Pods_iPortal_for_BinusmayaUITests.framework in Frameworks */ = {isa = PBXBuildFile; fileRef = AE77B504FC6D1C9C7642DB9D /* Pods_iPortal_for_BinusmayaUITests.framework */; };
		8BCE766F4EE3EEC30F865F1A /* Pods_iPortal_for_Binusmaya.framework in Frameworks */ = {isa = PBXBuildFile; fileRef = 01C0C698195A42024BCA5158 /* Pods_iPortal_for_Binusmaya.framework */; };
		911CA2D722EF57AC00DC5348 /* UserModel.swift in Sources */ = {isa = PBXBuildFile; fileRef = 911CA2D622EF57AC00DC5348 /* UserModel.swift */; };
		911CA2DB22EF65DA00DC5348 /* BimayApiProtocol.swift in Sources */ = {isa = PBXBuildFile; fileRef = 911CA2DA22EF65DA00DC5348 /* BimayApiProtocol.swift */; };
		911CA2DD22EF6D0F00DC5348 /* BimayApi.swift in Sources */ = {isa = PBXBuildFile; fileRef = 911CA2DC22EF6D0F00DC5348 /* BimayApi.swift */; };
		911FAA792302E261001A725A /* StringOrInt.swift in Sources */ = {isa = PBXBuildFile; fileRef = 911FAA782302E261001A725A /* StringOrInt.swift */; };
		91281E3B2301CBBD001AFFDA /* GPATableViewCell.swift in Sources */ = {isa = PBXBuildFile; fileRef = 91281E3A2301CBBD001AFFDA /* GPATableViewCell.swift */; };
		912AC22F22F088D70019C8C9 /* StringHelper.swift in Sources */ = {isa = PBXBuildFile; fileRef = 912AC22E22F088D70019C8C9 /* StringHelper.swift */; };
		914B316A2305502000744764 /* LoginViewModel.swift in Sources */ = {isa = PBXBuildFile; fileRef = 914B31692305502000744764 /* LoginViewModel.swift */; };
		914F479422F01ECB00291BFA /* LoginFormModel.swift in Sources */ = {isa = PBXBuildFile; fileRef = 914F479322F01ECB00291BFA /* LoginFormModel.swift */; };
		91560D9222FDDE9B005B1D42 /* RealmExtension.swift in Sources */ = {isa = PBXBuildFile; fileRef = 91560D9122FDDE9B005B1D42 /* RealmExtension.swift */; };
		916213F122ED8071007D4265 /* LoginViewController.swift in Sources */ = {isa = PBXBuildFile; fileRef = 916213F022ED8071007D4265 /* LoginViewController.swift */; };
		91833DB72304164D002C84E5 /* FinancialsTableViewCell.swift in Sources */ = {isa = PBXBuildFile; fileRef = 91833DB62304164D002C84E5 /* FinancialsTableViewCell.swift */; };
		91833DB923041668002C84E5 /* FinancialsViewController.swift in Sources */ = {isa = PBXBuildFile; fileRef = 91833DB823041668002C84E5 /* FinancialsViewController.swift */; };
		91833DBB230416E2002C84E5 /* FinancialsViewModel.swift in Sources */ = {isa = PBXBuildFile; fileRef = 91833DBA230416E2002C84E5 /* FinancialsViewModel.swift */; };
		91833DBD2304172C002C84E5 /* FinancialInteractor.swift in Sources */ = {isa = PBXBuildFile; fileRef = 91833DBC2304172C002C84E5 /* FinancialInteractor.swift */; };
		91833DBF23041750002C84E5 /* FinancialRepository.swift in Sources */ = {isa = PBXBuildFile; fileRef = 91833DBE23041750002C84E5 /* FinancialRepository.swift */; };
		91833DC123041776002C84E5 /* FinancialModel.swift in Sources */ = {isa = PBXBuildFile; fileRef = 91833DC023041776002C84E5 /* FinancialModel.swift */; };
		9189D5D2230070AE00E45CC6 /* StringExtension.swift in Sources */ = {isa = PBXBuildFile; fileRef = 9189D5D1230070AE00E45CC6 /* StringExtension.swift */; };
		9189D5D42300744700E45CC6 /* DateExtension.swift in Sources */ = {isa = PBXBuildFile; fileRef = 9189D5D32300744700E45CC6 /* DateExtension.swift */; };
		91A0C12122EF2F79001DB92B /* AuthInteractor.swift in Sources */ = {isa = PBXBuildFile; fileRef = 91A0C12022EF2F79001DB92B /* AuthInteractor.swift */; };
		91A8BCED22FC40CD00039301 /* SchedulesTableViewCell.swift in Sources */ = {isa = PBXBuildFile; fileRef = 91A8BCEC22FC40CD00039301 /* SchedulesTableViewCell.swift */; };
		91A8BCEF22FC5D3400039301 /* SchedulesTableViewController.swift in Sources */ = {isa = PBXBuildFile; fileRef = 91A8BCEE22FC5D3400039301 /* SchedulesTableViewController.swift */; };
		91C6BB20230163AF00EA5FEB /* GradeInteractor.swift in Sources */ = {isa = PBXBuildFile; fileRef = 91C6BB1F230163AE00EA5FEB /* GradeInteractor.swift */; };
		91C6BB22230163BC00EA5FEB /* GradeModel.swift in Sources */ = {isa = PBXBuildFile; fileRef = 91C6BB21230163BC00EA5FEB /* GradeModel.swift */; };
		91C6BB242301645500EA5FEB /* GradeRepository.swift in Sources */ = {isa = PBXBuildFile; fileRef = 91C6BB232301645500EA5FEB /* GradeRepository.swift */; };
		91C6BB26230170DE00EA5FEB /* GPAViewModel.swift in Sources */ = {isa = PBXBuildFile; fileRef = 91C6BB25230170DE00EA5FEB /* GPAViewModel.swift */; };
		91C6BB28230181F700EA5FEB /* GPAViewController.swift in Sources */ = {isa = PBXBuildFile; fileRef = 91C6BB27230181F700EA5FEB /* GPAViewController.swift */; };
		91C8B24422ECAF3D009DC08A /* AppDelegate.swift in Sources */ = {isa = PBXBuildFile; fileRef = 91C8B24322ECAF3D009DC08A /* AppDelegate.swift */; };
		91C8B24622ECAF3D009DC08A /* ViewController.swift in Sources */ = {isa = PBXBuildFile; fileRef = 91C8B24522ECAF3D009DC08A /* ViewController.swift */; };
		91C8B24922ECAF3D009DC08A /* Main.storyboard in Resources */ = {isa = PBXBuildFile; fileRef = 91C8B24722ECAF3D009DC08A /* Main.storyboard */; };
		91C8B24B22ECAF40009DC08A /* Assets.xcassets in Resources */ = {isa = PBXBuildFile; fileRef = 91C8B24A22ECAF40009DC08A /* Assets.xcassets */; };
		91C8B24E22ECAF40009DC08A /* LaunchScreen.storyboard in Resources */ = {isa = PBXBuildFile; fileRef = 91C8B24C22ECAF40009DC08A /* LaunchScreen.storyboard */; };
		91C8B25922ECAF40009DC08A /* iPortal_for_BinusmayaTests.swift in Sources */ = {isa = PBXBuildFile; fileRef = 91C8B25822ECAF40009DC08A /* iPortal_for_BinusmayaTests.swift */; };
		91C8B26422ECAF40009DC08A /* iPortal_for_BinusmayaUITests.swift in Sources */ = {isa = PBXBuildFile; fileRef = 91C8B26322ECAF40009DC08A /* iPortal_for_BinusmayaUITests.swift */; };
		91D7187D22FD5765004DC47D /* SchedulesViewModel.swift in Sources */ = {isa = PBXBuildFile; fileRef = 91D7187C22FD5765004DC47D /* SchedulesViewModel.swift */; };
		91D7187F22FD5A73004DC47D /* SchedulesCellViewModel.swift in Sources */ = {isa = PBXBuildFile; fileRef = 91D7187E22FD5A73004DC47D /* SchedulesCellViewModel.swift */; };
		91DD30B02306920E0099FF6A /* ScheduleSectionTableViewCell.swift in Sources */ = {isa = PBXBuildFile; fileRef = 91DD30AF2306920E0099FF6A /* ScheduleSectionTableViewCell.swift */; };
		91F24A1F22FC815000D6C831 /* RxHelper.swift in Sources */ = {isa = PBXBuildFile; fileRef = 91F24A1E22FC815000D6C831 /* RxHelper.swift */; };
		91F3912622F99C6600D950A4 /* CourseModel.swift in Sources */ = {isa = PBXBuildFile; fileRef = 91F3912522F99C6600D950A4 /* CourseModel.swift */; };
		91F3912822F9B00600D950A4 /* TermModel.swift in Sources */ = {isa = PBXBuildFile; fileRef = 91F3912722F9B00600D950A4 /* TermModel.swift */; };
		91F3912A22F9B5F200D950A4 /* TermInteractor.swift in Sources */ = {isa = PBXBuildFile; fileRef = 91F3912922F9B5F200D950A4 /* TermInteractor.swift */; };
		91F3912C22F9B60800D950A4 /* CourseInteractor.swift in Sources */ = {isa = PBXBuildFile; fileRef = 91F3912B22F9B60800D950A4 /* CourseInteractor.swift */; };
		91F3912F22F9C9CE00D950A4 /* ScheduleRepository.swift in Sources */ = {isa = PBXBuildFile; fileRef = 91F3912E22F9C9CE00D950A4 /* ScheduleRepository.swift */; };
		91F3913122F9CCFE00D950A4 /* UserRepository.swift in Sources */ = {isa = PBXBuildFile; fileRef = 91F3913022F9CCFE00D950A4 /* UserRepository.swift */; };
		91F3913322F9EB9A00D950A4 /* TermRepository.swift in Sources */ = {isa = PBXBuildFile; fileRef = 91F3913222F9EB9A00D950A4 /* TermRepository.swift */; };
		BF07B61AE85F750964C13B31 /* Pods_iPortal_for_BinusmayaTests.framework in Frameworks */ = {isa = PBXBuildFile; fileRef = 8757F54EFD2A2B74260699FE /* Pods_iPortal_for_BinusmayaTests.framework */; };
/* End PBXBuildFile section */

/* Begin PBXContainerItemProxy section */
		91C8B25522ECAF40009DC08A /* PBXContainerItemProxy */ = {
			isa = PBXContainerItemProxy;
			containerPortal = 91C8B23822ECAF3D009DC08A /* Project object */;
			proxyType = 1;
			remoteGlobalIDString = 91C8B23F22ECAF3D009DC08A;
			remoteInfo = "iPortal for Binusmaya";
		};
		91C8B26022ECAF40009DC08A /* PBXContainerItemProxy */ = {
			isa = PBXContainerItemProxy;
			containerPortal = 91C8B23822ECAF3D009DC08A /* Project object */;
			proxyType = 1;
			remoteGlobalIDString = 91C8B23F22ECAF3D009DC08A;
			remoteInfo = "iPortal for Binusmaya";
		};
/* End PBXContainerItemProxy section */

/* Begin PBXFileReference section */
		01C0C698195A42024BCA5158 /* Pods_iPortal_for_Binusmaya.framework */ = {isa = PBXFileReference; explicitFileType = wrapper.framework; includeInIndex = 0; path = Pods_iPortal_for_Binusmaya.framework; sourceTree = BUILT_PRODUCTS_DIR; };
		451B938460ED7B7C7F0825F1 /* Pods-iPortal for BinusmayaUITests.debug.xcconfig */ = {isa = PBXFileReference; includeInIndex = 1; lastKnownFileType = text.xcconfig; name = "Pods-iPortal for BinusmayaUITests.debug.xcconfig"; path = "Target Support Files/Pods-iPortal for BinusmayaUITests/Pods-iPortal for BinusmayaUITests.debug.xcconfig"; sourceTree = "<group>"; };
		472FBF8EE0119E88E747D2AD /* Pods-iPortal for BinusmayaUITests.release.xcconfig */ = {isa = PBXFileReference; includeInIndex = 1; lastKnownFileType = text.xcconfig; name = "Pods-iPortal for BinusmayaUITests.release.xcconfig"; path = "Target Support Files/Pods-iPortal for BinusmayaUITests/Pods-iPortal for BinusmayaUITests.release.xcconfig"; sourceTree = "<group>"; };
		4F2F894731254EDE16374A92 /* Pods-iPortal for Binusmaya.release.xcconfig */ = {isa = PBXFileReference; includeInIndex = 1; lastKnownFileType = text.xcconfig; name = "Pods-iPortal for Binusmaya.release.xcconfig"; path = "Target Support Files/Pods-iPortal for Binusmaya/Pods-iPortal for Binusmaya.release.xcconfig"; sourceTree = "<group>"; };
		663CAE1796BEAC2029C37099 /* Pods-iPortal for BinusmayaTests.release.xcconfig */ = {isa = PBXFileReference; includeInIndex = 1; lastKnownFileType = text.xcconfig; name = "Pods-iPortal for BinusmayaTests.release.xcconfig"; path = "Target Support Files/Pods-iPortal for BinusmayaTests/Pods-iPortal for BinusmayaTests.release.xcconfig"; sourceTree = "<group>"; };
		8757F54EFD2A2B74260699FE /* Pods_iPortal_for_BinusmayaTests.framework */ = {isa = PBXFileReference; explicitFileType = wrapper.framework; includeInIndex = 0; path = Pods_iPortal_for_BinusmayaTests.framework; sourceTree = BUILT_PRODUCTS_DIR; };
		911CA2D622EF57AC00DC5348 /* UserModel.swift */ = {isa = PBXFileReference; lastKnownFileType = sourcecode.swift; path = UserModel.swift; sourceTree = "<group>"; };
		911CA2DA22EF65DA00DC5348 /* BimayApiProtocol.swift */ = {isa = PBXFileReference; lastKnownFileType = sourcecode.swift; path = BimayApiProtocol.swift; sourceTree = "<group>"; };
		911CA2DC22EF6D0F00DC5348 /* BimayApi.swift */ = {isa = PBXFileReference; lastKnownFileType = sourcecode.swift; path = BimayApi.swift; sourceTree = "<group>"; };
		911FAA782302E261001A725A /* StringOrInt.swift */ = {isa = PBXFileReference; lastKnownFileType = sourcecode.swift; path = StringOrInt.swift; sourceTree = "<group>"; };
		91281E3A2301CBBD001AFFDA /* GPATableViewCell.swift */ = {isa = PBXFileReference; lastKnownFileType = sourcecode.swift; path = GPATableViewCell.swift; sourceTree = "<group>"; };
		912AC22E22F088D70019C8C9 /* StringHelper.swift */ = {isa = PBXFileReference; lastKnownFileType = sourcecode.swift; path = StringHelper.swift; sourceTree = "<group>"; };
		914B31692305502000744764 /* LoginViewModel.swift */ = {isa = PBXFileReference; lastKnownFileType = sourcecode.swift; path = LoginViewModel.swift; sourceTree = "<group>"; };
		914F479322F01ECB00291BFA /* LoginFormModel.swift */ = {isa = PBXFileReference; lastKnownFileType = sourcecode.swift; path = LoginFormModel.swift; sourceTree = "<group>"; };
		91560D9122FDDE9B005B1D42 /* RealmExtension.swift */ = {isa = PBXFileReference; lastKnownFileType = sourcecode.swift; path = RealmExtension.swift; sourceTree = "<group>"; };
		916213F022ED8071007D4265 /* LoginViewController.swift */ = {isa = PBXFileReference; lastKnownFileType = sourcecode.swift; path = LoginViewController.swift; sourceTree = "<group>"; };
		91833DB62304164D002C84E5 /* FinancialsTableViewCell.swift */ = {isa = PBXFileReference; lastKnownFileType = sourcecode.swift; path = FinancialsTableViewCell.swift; sourceTree = "<group>"; };
		91833DB823041668002C84E5 /* FinancialsViewController.swift */ = {isa = PBXFileReference; lastKnownFileType = sourcecode.swift; path = FinancialsViewController.swift; sourceTree = "<group>"; };
		91833DBA230416E2002C84E5 /* FinancialsViewModel.swift */ = {isa = PBXFileReference; lastKnownFileType = sourcecode.swift; path = FinancialsViewModel.swift; sourceTree = "<group>"; };
		91833DBC2304172C002C84E5 /* FinancialInteractor.swift */ = {isa = PBXFileReference; lastKnownFileType = sourcecode.swift; path = FinancialInteractor.swift; sourceTree = "<group>"; };
		91833DBE23041750002C84E5 /* FinancialRepository.swift */ = {isa = PBXFileReference; lastKnownFileType = sourcecode.swift; path = FinancialRepository.swift; sourceTree = "<group>"; };
		91833DC023041776002C84E5 /* FinancialModel.swift */ = {isa = PBXFileReference; lastKnownFileType = sourcecode.swift; path = FinancialModel.swift; sourceTree = "<group>"; };
		9189D5D1230070AE00E45CC6 /* StringExtension.swift */ = {isa = PBXFileReference; lastKnownFileType = sourcecode.swift; path = StringExtension.swift; sourceTree = "<group>"; };
		9189D5D32300744700E45CC6 /* DateExtension.swift */ = {isa = PBXFileReference; lastKnownFileType = sourcecode.swift; path = DateExtension.swift; sourceTree = "<group>"; };
		91A0C12022EF2F79001DB92B /* AuthInteractor.swift */ = {isa = PBXFileReference; lastKnownFileType = sourcecode.swift; path = AuthInteractor.swift; sourceTree = "<group>"; };
		91A8BCEC22FC40CD00039301 /* SchedulesTableViewCell.swift */ = {isa = PBXFileReference; lastKnownFileType = sourcecode.swift; path = SchedulesTableViewCell.swift; sourceTree = "<group>"; };
		91A8BCEE22FC5D3400039301 /* SchedulesTableViewController.swift */ = {isa = PBXFileReference; lastKnownFileType = sourcecode.swift; path = SchedulesTableViewController.swift; sourceTree = "<group>"; };
		91C6BB1F230163AE00EA5FEB /* GradeInteractor.swift */ = {isa = PBXFileReference; lastKnownFileType = sourcecode.swift; path = GradeInteractor.swift; sourceTree = "<group>"; };
		91C6BB21230163BC00EA5FEB /* GradeModel.swift */ = {isa = PBXFileReference; lastKnownFileType = sourcecode.swift; path = GradeModel.swift; sourceTree = "<group>"; };
		91C6BB232301645500EA5FEB /* GradeRepository.swift */ = {isa = PBXFileReference; lastKnownFileType = sourcecode.swift; path = GradeRepository.swift; sourceTree = "<group>"; };
		91C6BB25230170DE00EA5FEB /* GPAViewModel.swift */ = {isa = PBXFileReference; lastKnownFileType = sourcecode.swift; path = GPAViewModel.swift; sourceTree = "<group>"; };
		91C6BB27230181F700EA5FEB /* GPAViewController.swift */ = {isa = PBXFileReference; lastKnownFileType = sourcecode.swift; path = GPAViewController.swift; sourceTree = "<group>"; };
		91C8B24022ECAF3D009DC08A /* iPortal for Binusmaya.app */ = {isa = PBXFileReference; explicitFileType = wrapper.application; includeInIndex = 0; path = "iPortal for Binusmaya.app"; sourceTree = BUILT_PRODUCTS_DIR; };
		91C8B24322ECAF3D009DC08A /* AppDelegate.swift */ = {isa = PBXFileReference; lastKnownFileType = sourcecode.swift; path = AppDelegate.swift; sourceTree = "<group>"; };
		91C8B24522ECAF3D009DC08A /* ViewController.swift */ = {isa = PBXFileReference; lastKnownFileType = sourcecode.swift; path = ViewController.swift; sourceTree = "<group>"; };
		91C8B24822ECAF3D009DC08A /* Base */ = {isa = PBXFileReference; lastKnownFileType = file.storyboard; name = Base; path = Base.lproj/Main.storyboard; sourceTree = "<group>"; };
		91C8B24A22ECAF40009DC08A /* Assets.xcassets */ = {isa = PBXFileReference; lastKnownFileType = folder.assetcatalog; path = Assets.xcassets; sourceTree = "<group>"; };
		91C8B24D22ECAF40009DC08A /* Base */ = {isa = PBXFileReference; lastKnownFileType = file.storyboard; name = Base; path = Base.lproj/LaunchScreen.storyboard; sourceTree = "<group>"; };
		91C8B24F22ECAF40009DC08A /* Info.plist */ = {isa = PBXFileReference; lastKnownFileType = text.plist.xml; path = Info.plist; sourceTree = "<group>"; };
		91C8B25422ECAF40009DC08A /* iPortal for BinusmayaTests.xctest */ = {isa = PBXFileReference; explicitFileType = wrapper.cfbundle; includeInIndex = 0; path = "iPortal for BinusmayaTests.xctest"; sourceTree = BUILT_PRODUCTS_DIR; };
		91C8B25822ECAF40009DC08A /* iPortal_for_BinusmayaTests.swift */ = {isa = PBXFileReference; lastKnownFileType = sourcecode.swift; path = iPortal_for_BinusmayaTests.swift; sourceTree = "<group>"; };
		91C8B25A22ECAF40009DC08A /* Info.plist */ = {isa = PBXFileReference; lastKnownFileType = text.plist.xml; path = Info.plist; sourceTree = "<group>"; };
		91C8B25F22ECAF40009DC08A /* iPortal for BinusmayaUITests.xctest */ = {isa = PBXFileReference; explicitFileType = wrapper.cfbundle; includeInIndex = 0; path = "iPortal for BinusmayaUITests.xctest"; sourceTree = BUILT_PRODUCTS_DIR; };
		91C8B26322ECAF40009DC08A /* iPortal_for_BinusmayaUITests.swift */ = {isa = PBXFileReference; lastKnownFileType = sourcecode.swift; path = iPortal_for_BinusmayaUITests.swift; sourceTree = "<group>"; };
		91C8B26522ECAF40009DC08A /* Info.plist */ = {isa = PBXFileReference; lastKnownFileType = text.plist.xml; path = Info.plist; sourceTree = "<group>"; };
		91D7187C22FD5765004DC47D /* SchedulesViewModel.swift */ = {isa = PBXFileReference; lastKnownFileType = sourcecode.swift; path = SchedulesViewModel.swift; sourceTree = "<group>"; };
		91D7187E22FD5A73004DC47D /* SchedulesCellViewModel.swift */ = {isa = PBXFileReference; lastKnownFileType = sourcecode.swift; path = SchedulesCellViewModel.swift; sourceTree = "<group>"; };
		91DD30AF2306920E0099FF6A /* ScheduleSectionTableViewCell.swift */ = {isa = PBXFileReference; lastKnownFileType = sourcecode.swift; path = ScheduleSectionTableViewCell.swift; sourceTree = "<group>"; };
		91F24A1E22FC815000D6C831 /* RxHelper.swift */ = {isa = PBXFileReference; lastKnownFileType = sourcecode.swift; path = RxHelper.swift; sourceTree = "<group>"; };
		91F3912522F99C6600D950A4 /* CourseModel.swift */ = {isa = PBXFileReference; lastKnownFileType = sourcecode.swift; path = CourseModel.swift; sourceTree = "<group>"; };
		91F3912722F9B00600D950A4 /* TermModel.swift */ = {isa = PBXFileReference; lastKnownFileType = sourcecode.swift; path = TermModel.swift; sourceTree = "<group>"; };
		91F3912922F9B5F200D950A4 /* TermInteractor.swift */ = {isa = PBXFileReference; lastKnownFileType = sourcecode.swift; path = TermInteractor.swift; sourceTree = "<group>"; };
		91F3912B22F9B60800D950A4 /* CourseInteractor.swift */ = {isa = PBXFileReference; lastKnownFileType = sourcecode.swift; path = CourseInteractor.swift; sourceTree = "<group>"; };
		91F3912E22F9C9CE00D950A4 /* ScheduleRepository.swift */ = {isa = PBXFileReference; lastKnownFileType = sourcecode.swift; path = ScheduleRepository.swift; sourceTree = "<group>"; };
		91F3913022F9CCFE00D950A4 /* UserRepository.swift */ = {isa = PBXFileReference; lastKnownFileType = sourcecode.swift; path = UserRepository.swift; sourceTree = "<group>"; };
		91F3913222F9EB9A00D950A4 /* TermRepository.swift */ = {isa = PBXFileReference; lastKnownFileType = sourcecode.swift; path = TermRepository.swift; sourceTree = "<group>"; };
		937FF73568B65E6382152540 /* Pods-iPortal for Binusmaya.debug.xcconfig */ = {isa = PBXFileReference; includeInIndex = 1; lastKnownFileType = text.xcconfig; name = "Pods-iPortal for Binusmaya.debug.xcconfig"; path = "Target Support Files/Pods-iPortal for Binusmaya/Pods-iPortal for Binusmaya.debug.xcconfig"; sourceTree = "<group>"; };
		AE77B504FC6D1C9C7642DB9D /* Pods_iPortal_for_BinusmayaUITests.framework */ = {isa = PBXFileReference; explicitFileType = wrapper.framework; includeInIndex = 0; path = Pods_iPortal_for_BinusmayaUITests.framework; sourceTree = BUILT_PRODUCTS_DIR; };
		D4F385670D4872CAB61B5E06 /* Pods-iPortal for BinusmayaTests.debug.xcconfig */ = {isa = PBXFileReference; includeInIndex = 1; lastKnownFileType = text.xcconfig; name = "Pods-iPortal for BinusmayaTests.debug.xcconfig"; path = "Target Support Files/Pods-iPortal for BinusmayaTests/Pods-iPortal for BinusmayaTests.debug.xcconfig"; sourceTree = "<group>"; };
/* End PBXFileReference section */

/* Begin PBXFrameworksBuildPhase section */
		91C8B23D22ECAF3D009DC08A /* Frameworks */ = {
			isa = PBXFrameworksBuildPhase;
			buildActionMask = 2147483647;
			files = (
				8BCE766F4EE3EEC30F865F1A /* Pods_iPortal_for_Binusmaya.framework in Frameworks */,
			);
			runOnlyForDeploymentPostprocessing = 0;
		};
		91C8B25122ECAF40009DC08A /* Frameworks */ = {
			isa = PBXFrameworksBuildPhase;
			buildActionMask = 2147483647;
			files = (
				BF07B61AE85F750964C13B31 /* Pods_iPortal_for_BinusmayaTests.framework in Frameworks */,
			);
			runOnlyForDeploymentPostprocessing = 0;
		};
		91C8B25C22ECAF40009DC08A /* Frameworks */ = {
			isa = PBXFrameworksBuildPhase;
			buildActionMask = 2147483647;
			files = (
				73AD9A8601017C1ED1707F0F /* Pods_iPortal_for_BinusmayaUITests.framework in Frameworks */,
			);
			runOnlyForDeploymentPostprocessing = 0;
		};
/* End PBXFrameworksBuildPhase section */

/* Begin PBXGroup section */
		8281FDF1E67CC2C63BF5A418 /* Frameworks */ = {
			isa = PBXGroup;
			children = (
				01C0C698195A42024BCA5158 /* Pods_iPortal_for_Binusmaya.framework */,
				8757F54EFD2A2B74260699FE /* Pods_iPortal_for_BinusmayaTests.framework */,
				AE77B504FC6D1C9C7642DB9D /* Pods_iPortal_for_BinusmayaUITests.framework */,
			);
			name = Frameworks;
			sourceTree = "<group>";
		};
		911CA2D822EF596000DC5348 /* Network */ = {
			isa = PBXGroup;
			children = (
				911CA2DA22EF65DA00DC5348 /* BimayApiProtocol.swift */,
				911CA2DC22EF6D0F00DC5348 /* BimayApi.swift */,
			);
			path = Network;
			sourceTree = "<group>";
		};
		912AC22D22F088C50019C8C9 /* Helpers */ = {
			isa = PBXGroup;
			children = (
				912AC22E22F088D70019C8C9 /* StringHelper.swift */,
				91F24A1E22FC815000D6C831 /* RxHelper.swift */,
			);
			path = Helpers;
			sourceTree = "<group>";
		};
		91560D9022FDDE89005B1D42 /* Extensions */ = {
			isa = PBXGroup;
			children = (
				91560D9122FDDE9B005B1D42 /* RealmExtension.swift */,
				9189D5D1230070AE00E45CC6 /* StringExtension.swift */,
				9189D5D32300744700E45CC6 /* DateExtension.swift */,
				911FAA782302E261001A725A /* StringOrInt.swift */,
			);
			path = Extensions;
			sourceTree = "<group>";
		};
		91A0C11F22EF2F3B001DB92B /* Interactor */ = {
			isa = PBXGroup;
			children = (
				91A0C12022EF2F79001DB92B /* AuthInteractor.swift */,
				91F3912922F9B5F200D950A4 /* TermInteractor.swift */,
				91F3912B22F9B60800D950A4 /* CourseInteractor.swift */,
				91C6BB1F230163AE00EA5FEB /* GradeInteractor.swift */,
				91833DBC2304172C002C84E5 /* FinancialInteractor.swift */,
			);
			path = Interactor;
			sourceTree = "<group>";
		};
		91A0C12522EF5738001DB92B /* Entities */ = {
			isa = PBXGroup;
			children = (
				911CA2D622EF57AC00DC5348 /* UserModel.swift */,
				914F479322F01ECB00291BFA /* LoginFormModel.swift */,
				91F3912522F99C6600D950A4 /* CourseModel.swift */,
				91F3912722F9B00600D950A4 /* TermModel.swift */,
				91C6BB21230163BC00EA5FEB /* GradeModel.swift */,
				91833DC023041776002C84E5 /* FinancialModel.swift */,
			);
			path = Entities;
			sourceTree = "<group>";
		};
		91C8B23722ECAF3D009DC08A = {
			isa = PBXGroup;
			children = (
				91C8B24222ECAF3D009DC08A /* iPortal for Binusmaya */,
				91C8B25722ECAF40009DC08A /* iPortal for BinusmayaTests */,
				91C8B26222ECAF40009DC08A /* iPortal for BinusmayaUITests */,
				91C8B24122ECAF3D009DC08A /* Products */,
				A111CE7441CA6024B9859781 /* Pods */,
				8281FDF1E67CC2C63BF5A418 /* Frameworks */,
			);
			sourceTree = "<group>";
		};
		91C8B24122ECAF3D009DC08A /* Products */ = {
			isa = PBXGroup;
			children = (
				91C8B24022ECAF3D009DC08A /* iPortal for Binusmaya.app */,
				91C8B25422ECAF40009DC08A /* iPortal for BinusmayaTests.xctest */,
				91C8B25F22ECAF40009DC08A /* iPortal for BinusmayaUITests.xctest */,
			);
			name = Products;
			sourceTree = "<group>";
		};
		91C8B24222ECAF3D009DC08A /* iPortal for Binusmaya */ = {
			isa = PBXGroup;
			children = (
				91560D9022FDDE89005B1D42 /* Extensions */,
				91D7187B22FD572E004DC47D /* ViewModels */,
				91D7187922FD522E004DC47D /* Views */,
				91F3912D22F9C9AF00D950A4 /* Repositories */,
				912AC22D22F088C50019C8C9 /* Helpers */,
				911CA2D822EF596000DC5348 /* Network */,
				91A0C12522EF5738001DB92B /* Entities */,
				91A0C11F22EF2F3B001DB92B /* Interactor */,
				91C8B24322ECAF3D009DC08A /* AppDelegate.swift */,
				91C8B24522ECAF3D009DC08A /* ViewController.swift */,
				91C8B24722ECAF3D009DC08A /* Main.storyboard */,
				91C8B24A22ECAF40009DC08A /* Assets.xcassets */,
				91C8B24C22ECAF40009DC08A /* LaunchScreen.storyboard */,
				91C8B24F22ECAF40009DC08A /* Info.plist */,
			);
			path = "iPortal for Binusmaya";
			sourceTree = "<group>";
		};
		91C8B25722ECAF40009DC08A /* iPortal for BinusmayaTests */ = {
			isa = PBXGroup;
			children = (
				91C8B25822ECAF40009DC08A /* iPortal_for_BinusmayaTests.swift */,
				91C8B25A22ECAF40009DC08A /* Info.plist */,
			);
			path = "iPortal for BinusmayaTests";
			sourceTree = "<group>";
		};
		91C8B26222ECAF40009DC08A /* iPortal for BinusmayaUITests */ = {
			isa = PBXGroup;
			children = (
				91C8B26322ECAF40009DC08A /* iPortal_for_BinusmayaUITests.swift */,
				91C8B26522ECAF40009DC08A /* Info.plist */,
			);
			path = "iPortal for BinusmayaUITests";
			sourceTree = "<group>";
		};
		91D7187922FD522E004DC47D /* Views */ = {
			isa = PBXGroup;
			children = (
				91D7187A22FD5242004DC47D /* Cells */,
				916213F022ED8071007D4265 /* LoginViewController.swift */,
				91C6BB27230181F700EA5FEB /* GPAViewController.swift */,
				91A8BCEE22FC5D3400039301 /* SchedulesTableViewController.swift */,
				91833DB823041668002C84E5 /* FinancialsViewController.swift */,
			);
			path = Views;
			sourceTree = "<group>";
		};
		91D7187A22FD5242004DC47D /* Cells */ = {
			isa = PBXGroup;
			children = (
				91A8BCEC22FC40CD00039301 /* SchedulesTableViewCell.swift */,
				91281E3A2301CBBD001AFFDA /* GPATableViewCell.swift */,
				91833DB62304164D002C84E5 /* FinancialsTableViewCell.swift */,
				91DD30AF2306920E0099FF6A /* ScheduleSectionTableViewCell.swift */,
			);
			path = Cells;
			sourceTree = "<group>";
		};
		91D7187B22FD572E004DC47D /* ViewModels */ = {
			isa = PBXGroup;
			children = (
				91D7187E22FD5A73004DC47D /* SchedulesCellViewModel.swift */,
				91C6BB25230170DE00EA5FEB /* GPAViewModel.swift */,
				91833DBA230416E2002C84E5 /* FinancialsViewModel.swift */,
				91D7187C22FD5765004DC47D /* SchedulesViewModel.swift */,
				914B31692305502000744764 /* LoginViewModel.swift */,
			);
			path = ViewModels;
			sourceTree = "<group>";
		};
		91F3912D22F9C9AF00D950A4 /* Repositories */ = {
			isa = PBXGroup;
			children = (
				91F3912E22F9C9CE00D950A4 /* ScheduleRepository.swift */,
				91F3913022F9CCFE00D950A4 /* UserRepository.swift */,
				91F3913222F9EB9A00D950A4 /* TermRepository.swift */,
				91C6BB232301645500EA5FEB /* GradeRepository.swift */,
				91833DBE23041750002C84E5 /* FinancialRepository.swift */,
			);
			path = Repositories;
			sourceTree = "<group>";
		};
		A111CE7441CA6024B9859781 /* Pods */ = {
			isa = PBXGroup;
			children = (
				937FF73568B65E6382152540 /* Pods-iPortal for Binusmaya.debug.xcconfig */,
				4F2F894731254EDE16374A92 /* Pods-iPortal for Binusmaya.release.xcconfig */,
				D4F385670D4872CAB61B5E06 /* Pods-iPortal for BinusmayaTests.debug.xcconfig */,
				663CAE1796BEAC2029C37099 /* Pods-iPortal for BinusmayaTests.release.xcconfig */,
				451B938460ED7B7C7F0825F1 /* Pods-iPortal for BinusmayaUITests.debug.xcconfig */,
				472FBF8EE0119E88E747D2AD /* Pods-iPortal for BinusmayaUITests.release.xcconfig */,
			);
			path = Pods;
			sourceTree = "<group>";
		};
/* End PBXGroup section */

/* Begin PBXNativeTarget section */
		91C8B23F22ECAF3D009DC08A /* iPortal for Binusmaya */ = {
			isa = PBXNativeTarget;
			buildConfigurationList = 91C8B26822ECAF40009DC08A /* Build configuration list for PBXNativeTarget "iPortal for Binusmaya" */;
			buildPhases = (
				62DA8986A9CFBDF0A92FE4A2 /* [CP] Check Pods Manifest.lock */,
				91C8B23C22ECAF3D009DC08A /* Sources */,
				91C8B23D22ECAF3D009DC08A /* Frameworks */,
				91C8B23E22ECAF3D009DC08A /* Resources */,
				4E7C53270412C4197792AC97 /* [CP] Embed Pods Frameworks */,
			);
			buildRules = (
			);
			dependencies = (
			);
			name = "iPortal for Binusmaya";
			productName = "iPortal for Binusmaya";
			productReference = 91C8B24022ECAF3D009DC08A /* iPortal for Binusmaya.app */;
			productType = "com.apple.product-type.application";
		};
		91C8B25322ECAF40009DC08A /* iPortal for BinusmayaTests */ = {
			isa = PBXNativeTarget;
			buildConfigurationList = 91C8B26B22ECAF40009DC08A /* Build configuration list for PBXNativeTarget "iPortal for BinusmayaTests" */;
			buildPhases = (
				59565978A311333E3C242950 /* [CP] Check Pods Manifest.lock */,
				91C8B25022ECAF40009DC08A /* Sources */,
				91C8B25122ECAF40009DC08A /* Frameworks */,
				91C8B25222ECAF40009DC08A /* Resources */,
			);
			buildRules = (
			);
			dependencies = (
				91C8B25622ECAF40009DC08A /* PBXTargetDependency */,
			);
			name = "iPortal for BinusmayaTests";
			productName = "iPortal for BinusmayaTests";
			productReference = 91C8B25422ECAF40009DC08A /* iPortal for BinusmayaTests.xctest */;
			productType = "com.apple.product-type.bundle.unit-test";
		};
		91C8B25E22ECAF40009DC08A /* iPortal for BinusmayaUITests */ = {
			isa = PBXNativeTarget;
			buildConfigurationList = 91C8B26E22ECAF40009DC08A /* Build configuration list for PBXNativeTarget "iPortal for BinusmayaUITests" */;
			buildPhases = (
				DA869B583D3DD26BEBF73CC5 /* [CP] Check Pods Manifest.lock */,
				91C8B25B22ECAF40009DC08A /* Sources */,
				91C8B25C22ECAF40009DC08A /* Frameworks */,
				91C8B25D22ECAF40009DC08A /* Resources */,
			);
			buildRules = (
			);
			dependencies = (
				91C8B26122ECAF40009DC08A /* PBXTargetDependency */,
			);
			name = "iPortal for BinusmayaUITests";
			productName = "iPortal for BinusmayaUITests";
			productReference = 91C8B25F22ECAF40009DC08A /* iPortal for BinusmayaUITests.xctest */;
			productType = "com.apple.product-type.bundle.ui-testing";
		};
/* End PBXNativeTarget section */

/* Begin PBXProject section */
		91C8B23822ECAF3D009DC08A /* Project object */ = {
			isa = PBXProject;
			attributes = {
				LastSwiftUpdateCheck = 1020;
				LastUpgradeCheck = 1020;
				ORGANIZATIONNAME = "Kevin Yulias";
				TargetAttributes = {
					91C8B23F22ECAF3D009DC08A = {
						CreatedOnToolsVersion = 10.2.1;
					};
					91C8B25322ECAF40009DC08A = {
						CreatedOnToolsVersion = 10.2.1;
						TestTargetID = 91C8B23F22ECAF3D009DC08A;
					};
					91C8B25E22ECAF40009DC08A = {
						CreatedOnToolsVersion = 10.2.1;
						TestTargetID = 91C8B23F22ECAF3D009DC08A;
					};
				};
			};
			buildConfigurationList = 91C8B23B22ECAF3D009DC08A /* Build configuration list for PBXProject "iPortal for Binusmaya" */;
			compatibilityVersion = "Xcode 9.3";
			developmentRegion = en;
			hasScannedForEncodings = 0;
			knownRegions = (
				en,
				Base,
			);
			mainGroup = 91C8B23722ECAF3D009DC08A;
			productRefGroup = 91C8B24122ECAF3D009DC08A /* Products */;
			projectDirPath = "";
			projectRoot = "";
			targets = (
				91C8B23F22ECAF3D009DC08A /* iPortal for Binusmaya */,
				91C8B25322ECAF40009DC08A /* iPortal for BinusmayaTests */,
				91C8B25E22ECAF40009DC08A /* iPortal for BinusmayaUITests */,
			);
		};
/* End PBXProject section */

/* Begin PBXResourcesBuildPhase section */
		91C8B23E22ECAF3D009DC08A /* Resources */ = {
			isa = PBXResourcesBuildPhase;
			buildActionMask = 2147483647;
			files = (
				91C8B24E22ECAF40009DC08A /* LaunchScreen.storyboard in Resources */,
				91C8B24B22ECAF40009DC08A /* Assets.xcassets in Resources */,
				91C8B24922ECAF3D009DC08A /* Main.storyboard in Resources */,
			);
			runOnlyForDeploymentPostprocessing = 0;
		};
		91C8B25222ECAF40009DC08A /* Resources */ = {
			isa = PBXResourcesBuildPhase;
			buildActionMask = 2147483647;
			files = (
			);
			runOnlyForDeploymentPostprocessing = 0;
		};
		91C8B25D22ECAF40009DC08A /* Resources */ = {
			isa = PBXResourcesBuildPhase;
			buildActionMask = 2147483647;
			files = (
			);
			runOnlyForDeploymentPostprocessing = 0;
		};
/* End PBXResourcesBuildPhase section */

/* Begin PBXShellScriptBuildPhase section */
		4E7C53270412C4197792AC97 /* [CP] Embed Pods Frameworks */ = {
			isa = PBXShellScriptBuildPhase;
			buildActionMask = 2147483647;
			files = (
			);
			inputFileListPaths = (
			);
			inputPaths = (
				"${PODS_ROOT}/Target Support Files/Pods-iPortal for Binusmaya/Pods-iPortal for Binusmaya-frameworks.sh",
				"${BUILT_PRODUCTS_DIR}/Alamofire/Alamofire.framework",
				"${BUILT_PRODUCTS_DIR}/Differentiator/Differentiator.framework",
				"${BUILT_PRODUCTS_DIR}/ObjectMapper/ObjectMapper.framework",
				"${BUILT_PRODUCTS_DIR}/Realm/Realm.framework",
				"${BUILT_PRODUCTS_DIR}/RealmSwift/RealmSwift.framework",
				"${BUILT_PRODUCTS_DIR}/RxCocoa/RxCocoa.framework",
				"${BUILT_PRODUCTS_DIR}/RxDataSources/RxDataSources.framework",
				"${BUILT_PRODUCTS_DIR}/RxRealm/RxRealm.framework",
				"${BUILT_PRODUCTS_DIR}/RxRelay/RxRelay.framework",
				"${BUILT_PRODUCTS_DIR}/RxSwift/RxSwift.framework",
				"${BUILT_PRODUCTS_DIR}/SwiftSoup/SwiftSoup.framework",
			);
			name = "[CP] Embed Pods Frameworks";
			outputFileListPaths = (
			);
			outputPaths = (
				"${TARGET_BUILD_DIR}/${FRAMEWORKS_FOLDER_PATH}/Alamofire.framework",
				"${TARGET_BUILD_DIR}/${FRAMEWORKS_FOLDER_PATH}/Differentiator.framework",
				"${TARGET_BUILD_DIR}/${FRAMEWORKS_FOLDER_PATH}/ObjectMapper.framework",
				"${TARGET_BUILD_DIR}/${FRAMEWORKS_FOLDER_PATH}/Realm.framework",
				"${TARGET_BUILD_DIR}/${FRAMEWORKS_FOLDER_PATH}/RealmSwift.framework",
				"${TARGET_BUILD_DIR}/${FRAMEWORKS_FOLDER_PATH}/RxCocoa.framework",
				"${TARGET_BUILD_DIR}/${FRAMEWORKS_FOLDER_PATH}/RxDataSources.framework",
				"${TARGET_BUILD_DIR}/${FRAMEWORKS_FOLDER_PATH}/RxRealm.framework",
				"${TARGET_BUILD_DIR}/${FRAMEWORKS_FOLDER_PATH}/RxRelay.framework",
				"${TARGET_BUILD_DIR}/${FRAMEWORKS_FOLDER_PATH}/RxSwift.framework",
				"${TARGET_BUILD_DIR}/${FRAMEWORKS_FOLDER_PATH}/SwiftSoup.framework",
			);
			runOnlyForDeploymentPostprocessing = 0;
			shellPath = /bin/sh;
			shellScript = "\"${PODS_ROOT}/Target Support Files/Pods-iPortal for Binusmaya/Pods-iPortal for Binusmaya-frameworks.sh\"\n";
			showEnvVarsInLog = 0;
		};
		59565978A311333E3C242950 /* [CP] Check Pods Manifest.lock */ = {
			isa = PBXShellScriptBuildPhase;
			buildActionMask = 2147483647;
			files = (
			);
			inputFileListPaths = (
			);
			inputPaths = (
				"${PODS_PODFILE_DIR_PATH}/Podfile.lock",
				"${PODS_ROOT}/Manifest.lock",
			);
			name = "[CP] Check Pods Manifest.lock";
			outputFileListPaths = (
			);
			outputPaths = (
				"$(DERIVED_FILE_DIR)/Pods-iPortal for BinusmayaTests-checkManifestLockResult.txt",
			);
			runOnlyForDeploymentPostprocessing = 0;
			shellPath = /bin/sh;
			shellScript = "diff \"${PODS_PODFILE_DIR_PATH}/Podfile.lock\" \"${PODS_ROOT}/Manifest.lock\" > /dev/null\nif [ $? != 0 ] ; then\n    # print error to STDERR\n    echo \"error: The sandbox is not in sync with the Podfile.lock. Run 'pod install' or update your CocoaPods installation.\" >&2\n    exit 1\nfi\n# This output is used by Xcode 'outputs' to avoid re-running this script phase.\necho \"SUCCESS\" > \"${SCRIPT_OUTPUT_FILE_0}\"\n";
			showEnvVarsInLog = 0;
		};
		62DA8986A9CFBDF0A92FE4A2 /* [CP] Check Pods Manifest.lock */ = {
			isa = PBXShellScriptBuildPhase;
			buildActionMask = 2147483647;
			files = (
			);
			inputFileListPaths = (
			);
			inputPaths = (
				"${PODS_PODFILE_DIR_PATH}/Podfile.lock",
				"${PODS_ROOT}/Manifest.lock",
			);
			name = "[CP] Check Pods Manifest.lock";
			outputFileListPaths = (
			);
			outputPaths = (
				"$(DERIVED_FILE_DIR)/Pods-iPortal for Binusmaya-checkManifestLockResult.txt",
			);
			runOnlyForDeploymentPostprocessing = 0;
			shellPath = /bin/sh;
			shellScript = "diff \"${PODS_PODFILE_DIR_PATH}/Podfile.lock\" \"${PODS_ROOT}/Manifest.lock\" > /dev/null\nif [ $? != 0 ] ; then\n    # print error to STDERR\n    echo \"error: The sandbox is not in sync with the Podfile.lock. Run 'pod install' or update your CocoaPods installation.\" >&2\n    exit 1\nfi\n# This output is used by Xcode 'outputs' to avoid re-running this script phase.\necho \"SUCCESS\" > \"${SCRIPT_OUTPUT_FILE_0}\"\n";
			showEnvVarsInLog = 0;
		};
		DA869B583D3DD26BEBF73CC5 /* [CP] Check Pods Manifest.lock */ = {
			isa = PBXShellScriptBuildPhase;
			buildActionMask = 2147483647;
			files = (
			);
			inputFileListPaths = (
			);
			inputPaths = (
				"${PODS_PODFILE_DIR_PATH}/Podfile.lock",
				"${PODS_ROOT}/Manifest.lock",
			);
			name = "[CP] Check Pods Manifest.lock";
			outputFileListPaths = (
			);
			outputPaths = (
				"$(DERIVED_FILE_DIR)/Pods-iPortal for BinusmayaUITests-checkManifestLockResult.txt",
			);
			runOnlyForDeploymentPostprocessing = 0;
			shellPath = /bin/sh;
			shellScript = "diff \"${PODS_PODFILE_DIR_PATH}/Podfile.lock\" \"${PODS_ROOT}/Manifest.lock\" > /dev/null\nif [ $? != 0 ] ; then\n    # print error to STDERR\n    echo \"error: The sandbox is not in sync with the Podfile.lock. Run 'pod install' or update your CocoaPods installation.\" >&2\n    exit 1\nfi\n# This output is used by Xcode 'outputs' to avoid re-running this script phase.\necho \"SUCCESS\" > \"${SCRIPT_OUTPUT_FILE_0}\"\n";
			showEnvVarsInLog = 0;
		};
/* End PBXShellScriptBuildPhase section */

/* Begin PBXSourcesBuildPhase section */
		91C8B23C22ECAF3D009DC08A /* Sources */ = {
			isa = PBXSourcesBuildPhase;
			buildActionMask = 2147483647;
			files = (
				91DD30B02306920E0099FF6A /* ScheduleSectionTableViewCell.swift in Sources */,
				91A8BCEF22FC5D3400039301 /* SchedulesTableViewController.swift in Sources */,
				9189D5D42300744700E45CC6 /* DateExtension.swift in Sources */,
				91F3912F22F9C9CE00D950A4 /* ScheduleRepository.swift in Sources */,
				91C6BB20230163AF00EA5FEB /* GradeInteractor.swift in Sources */,
				91A0C12122EF2F79001DB92B /* AuthInteractor.swift in Sources */,
				91833DBD2304172C002C84E5 /* FinancialInteractor.swift in Sources */,
				91A8BCED22FC40CD00039301 /* SchedulesTableViewCell.swift in Sources */,
				91833DB923041668002C84E5 /* FinancialsViewController.swift in Sources */,
				914B316A2305502000744764 /* LoginViewModel.swift in Sources */,
				91281E3B2301CBBD001AFFDA /* GPATableViewCell.swift in Sources */,
				916213F122ED8071007D4265 /* LoginViewController.swift in Sources */,
				91D7187D22FD5765004DC47D /* SchedulesViewModel.swift in Sources */,
				91F3913322F9EB9A00D950A4 /* TermRepository.swift in Sources */,
				91C6BB26230170DE00EA5FEB /* GPAViewModel.swift in Sources */,
				91833DBF23041750002C84E5 /* FinancialRepository.swift in Sources */,
				91C6BB22230163BC00EA5FEB /* GradeModel.swift in Sources */,
				91F24A1F22FC815000D6C831 /* RxHelper.swift in Sources */,
				91833DC123041776002C84E5 /* FinancialModel.swift in Sources */,
				91C8B24622ECAF3D009DC08A /* ViewController.swift in Sources */,
				91D7187F22FD5A73004DC47D /* SchedulesCellViewModel.swift in Sources */,
				91F3913122F9CCFE00D950A4 /* UserRepository.swift in Sources */,
				91F3912A22F9B5F200D950A4 /* TermInteractor.swift in Sources */,
				91C6BB28230181F700EA5FEB /* GPAViewController.swift in Sources */,
				91F3912822F9B00600D950A4 /* TermModel.swift in Sources */,
				91833DB72304164D002C84E5 /* FinancialsTableViewCell.swift in Sources */,
				912AC22F22F088D70019C8C9 /* StringHelper.swift in Sources */,
				91F3912622F99C6600D950A4 /* CourseModel.swift in Sources */,
				911CA2D722EF57AC00DC5348 /* UserModel.swift in Sources */,
				91F3912C22F9B60800D950A4 /* CourseInteractor.swift in Sources */,
				91C6BB242301645500EA5FEB /* GradeRepository.swift in Sources */,
				91C8B24422ECAF3D009DC08A /* AppDelegate.swift in Sources */,
				914F479422F01ECB00291BFA /* LoginFormModel.swift in Sources */,
				91560D9222FDDE9B005B1D42 /* RealmExtension.swift in Sources */,
				911CA2DB22EF65DA00DC5348 /* BimayApiProtocol.swift in Sources */,
				91833DBB230416E2002C84E5 /* FinancialsViewModel.swift in Sources */,
				9189D5D2230070AE00E45CC6 /* StringExtension.swift in Sources */,
				911CA2DD22EF6D0F00DC5348 /* BimayApi.swift in Sources */,
				911FAA792302E261001A725A /* StringOrInt.swift in Sources */,
			);
			runOnlyForDeploymentPostprocessing = 0;
		};
		91C8B25022ECAF40009DC08A /* Sources */ = {
			isa = PBXSourcesBuildPhase;
			buildActionMask = 2147483647;
			files = (
				91C8B25922ECAF40009DC08A /* iPortal_for_BinusmayaTests.swift in Sources */,
			);
			runOnlyForDeploymentPostprocessing = 0;
		};
		91C8B25B22ECAF40009DC08A /* Sources */ = {
			isa = PBXSourcesBuildPhase;
			buildActionMask = 2147483647;
			files = (
				91C8B26422ECAF40009DC08A /* iPortal_for_BinusmayaUITests.swift in Sources */,
			);
			runOnlyForDeploymentPostprocessing = 0;
		};
/* End PBXSourcesBuildPhase section */

/* Begin PBXTargetDependency section */
		91C8B25622ECAF40009DC08A /* PBXTargetDependency */ = {
			isa = PBXTargetDependency;
			target = 91C8B23F22ECAF3D009DC08A /* iPortal for Binusmaya */;
			targetProxy = 91C8B25522ECAF40009DC08A /* PBXContainerItemProxy */;
		};
		91C8B26122ECAF40009DC08A /* PBXTargetDependency */ = {
			isa = PBXTargetDependency;
			target = 91C8B23F22ECAF3D009DC08A /* iPortal for Binusmaya */;
			targetProxy = 91C8B26022ECAF40009DC08A /* PBXContainerItemProxy */;
		};
/* End PBXTargetDependency section */

/* Begin PBXVariantGroup section */
		91C8B24722ECAF3D009DC08A /* Main.storyboard */ = {
			isa = PBXVariantGroup;
			children = (
				91C8B24822ECAF3D009DC08A /* Base */,
			);
			name = Main.storyboard;
			sourceTree = "<group>";
		};
		91C8B24C22ECAF40009DC08A /* LaunchScreen.storyboard */ = {
			isa = PBXVariantGroup;
			children = (
				91C8B24D22ECAF40009DC08A /* Base */,
			);
			name = LaunchScreen.storyboard;
			sourceTree = "<group>";
		};
/* End PBXVariantGroup section */

/* Begin XCBuildConfiguration section */
		91C8B26622ECAF40009DC08A /* Debug */ = {
			isa = XCBuildConfiguration;
			buildSettings = {
				ALWAYS_SEARCH_USER_PATHS = NO;
				CLANG_ANALYZER_NONNULL = YES;
				CLANG_ANALYZER_NUMBER_OBJECT_CONVERSION = YES_AGGRESSIVE;
				CLANG_CXX_LANGUAGE_STANDARD = "gnu++14";
				CLANG_CXX_LIBRARY = "libc++";
				CLANG_ENABLE_MODULES = YES;
				CLANG_ENABLE_OBJC_ARC = YES;
				CLANG_ENABLE_OBJC_WEAK = YES;
				CLANG_WARN_BLOCK_CAPTURE_AUTORELEASING = YES;
				CLANG_WARN_BOOL_CONVERSION = YES;
				CLANG_WARN_COMMA = YES;
				CLANG_WARN_CONSTANT_CONVERSION = YES;
				CLANG_WARN_DEPRECATED_OBJC_IMPLEMENTATIONS = YES;
				CLANG_WARN_DIRECT_OBJC_ISA_USAGE = YES_ERROR;
				CLANG_WARN_DOCUMENTATION_COMMENTS = YES;
				CLANG_WARN_EMPTY_BODY = YES;
				CLANG_WARN_ENUM_CONVERSION = YES;
				CLANG_WARN_INFINITE_RECURSION = YES;
				CLANG_WARN_INT_CONVERSION = YES;
				CLANG_WARN_NON_LITERAL_NULL_CONVERSION = YES;
				CLANG_WARN_OBJC_IMPLICIT_RETAIN_SELF = YES;
				CLANG_WARN_OBJC_LITERAL_CONVERSION = YES;
				CLANG_WARN_OBJC_ROOT_CLASS = YES_ERROR;
				CLANG_WARN_RANGE_LOOP_ANALYSIS = YES;
				CLANG_WARN_STRICT_PROTOTYPES = YES;
				CLANG_WARN_SUSPICIOUS_MOVE = YES;
				CLANG_WARN_UNGUARDED_AVAILABILITY = YES_AGGRESSIVE;
				CLANG_WARN_UNREACHABLE_CODE = YES;
				CLANG_WARN__DUPLICATE_METHOD_MATCH = YES;
				CODE_SIGN_IDENTITY = "iPhone Developer";
				COPY_PHASE_STRIP = NO;
				DEBUG_INFORMATION_FORMAT = dwarf;
				ENABLE_STRICT_OBJC_MSGSEND = YES;
				ENABLE_TESTABILITY = YES;
				GCC_C_LANGUAGE_STANDARD = gnu11;
				GCC_DYNAMIC_NO_PIC = NO;
				GCC_NO_COMMON_BLOCKS = YES;
				GCC_OPTIMIZATION_LEVEL = 0;
				GCC_PREPROCESSOR_DEFINITIONS = (
					"DEBUG=1",
					"$(inherited)",
				);
				GCC_WARN_64_TO_32_BIT_CONVERSION = YES;
				GCC_WARN_ABOUT_RETURN_TYPE = YES_ERROR;
				GCC_WARN_UNDECLARED_SELECTOR = YES;
				GCC_WARN_UNINITIALIZED_AUTOS = YES_AGGRESSIVE;
				GCC_WARN_UNUSED_FUNCTION = YES;
				GCC_WARN_UNUSED_VARIABLE = YES;
				IPHONEOS_DEPLOYMENT_TARGET = 12.2;
				MTL_ENABLE_DEBUG_INFO = INCLUDE_SOURCE;
				MTL_FAST_MATH = YES;
				ONLY_ACTIVE_ARCH = YES;
				SDKROOT = iphoneos;
				SWIFT_ACTIVE_COMPILATION_CONDITIONS = DEBUG;
				SWIFT_OPTIMIZATION_LEVEL = "-Onone";
			};
			name = Debug;
		};
		91C8B26722ECAF40009DC08A /* Release */ = {
			isa = XCBuildConfiguration;
			buildSettings = {
				ALWAYS_SEARCH_USER_PATHS = NO;
				CLANG_ANALYZER_NONNULL = YES;
				CLANG_ANALYZER_NUMBER_OBJECT_CONVERSION = YES_AGGRESSIVE;
				CLANG_CXX_LANGUAGE_STANDARD = "gnu++14";
				CLANG_CXX_LIBRARY = "libc++";
				CLANG_ENABLE_MODULES = YES;
				CLANG_ENABLE_OBJC_ARC = YES;
				CLANG_ENABLE_OBJC_WEAK = YES;
				CLANG_WARN_BLOCK_CAPTURE_AUTORELEASING = YES;
				CLANG_WARN_BOOL_CONVERSION = YES;
				CLANG_WARN_COMMA = YES;
				CLANG_WARN_CONSTANT_CONVERSION = YES;
				CLANG_WARN_DEPRECATED_OBJC_IMPLEMENTATIONS = YES;
				CLANG_WARN_DIRECT_OBJC_ISA_USAGE = YES_ERROR;
				CLANG_WARN_DOCUMENTATION_COMMENTS = YES;
				CLANG_WARN_EMPTY_BODY = YES;
				CLANG_WARN_ENUM_CONVERSION = YES;
				CLANG_WARN_INFINITE_RECURSION = YES;
				CLANG_WARN_INT_CONVERSION = YES;
				CLANG_WARN_NON_LITERAL_NULL_CONVERSION = YES;
				CLANG_WARN_OBJC_IMPLICIT_RETAIN_SELF = YES;
				CLANG_WARN_OBJC_LITERAL_CONVERSION = YES;
				CLANG_WARN_OBJC_ROOT_CLASS = YES_ERROR;
				CLANG_WARN_RANGE_LOOP_ANALYSIS = YES;
				CLANG_WARN_STRICT_PROTOTYPES = YES;
				CLANG_WARN_SUSPICIOUS_MOVE = YES;
				CLANG_WARN_UNGUARDED_AVAILABILITY = YES_AGGRESSIVE;
				CLANG_WARN_UNREACHABLE_CODE = YES;
				CLANG_WARN__DUPLICATE_METHOD_MATCH = YES;
				CODE_SIGN_IDENTITY = "iPhone Developer";
				COPY_PHASE_STRIP = NO;
				DEBUG_INFORMATION_FORMAT = "dwarf-with-dsym";
				ENABLE_NS_ASSERTIONS = NO;
				ENABLE_STRICT_OBJC_MSGSEND = YES;
				GCC_C_LANGUAGE_STANDARD = gnu11;
				GCC_NO_COMMON_BLOCKS = YES;
				GCC_WARN_64_TO_32_BIT_CONVERSION = YES;
				GCC_WARN_ABOUT_RETURN_TYPE = YES_ERROR;
				GCC_WARN_UNDECLARED_SELECTOR = YES;
				GCC_WARN_UNINITIALIZED_AUTOS = YES_AGGRESSIVE;
				GCC_WARN_UNUSED_FUNCTION = YES;
				GCC_WARN_UNUSED_VARIABLE = YES;
				IPHONEOS_DEPLOYMENT_TARGET = 12.2;
				MTL_ENABLE_DEBUG_INFO = NO;
				MTL_FAST_MATH = YES;
				SDKROOT = iphoneos;
				SWIFT_COMPILATION_MODE = wholemodule;
				SWIFT_OPTIMIZATION_LEVEL = "-O";
				VALIDATE_PRODUCT = YES;
			};
			name = Release;
		};
		91C8B26922ECAF40009DC08A /* Debug */ = {
			isa = XCBuildConfiguration;
			baseConfigurationReference = 937FF73568B65E6382152540 /* Pods-iPortal for Binusmaya.debug.xcconfig */;
			buildSettings = {
				ASSETCATALOG_COMPILER_APPICON_NAME = AppIcon;
				CODE_SIGN_STYLE = Automatic;
				DEVELOPMENT_TEAM = 6RX8S2YB4Y;
				INFOPLIST_FILE = "iPortal for Binusmaya/Info.plist";
				LD_RUNPATH_SEARCH_PATHS = (
					"$(inherited)",
					"@executable_path/Frameworks",
				);
				PRODUCT_BUNDLE_IDENTIFIER = "com.kevinyulias.iPortal-for-Binusmaya";
				PRODUCT_NAME = "$(TARGET_NAME)";
				SWIFT_VERSION = 5.0;
				TARGETED_DEVICE_FAMILY = "1,2";
			};
			name = Debug;
		};
		91C8B26A22ECAF40009DC08A /* Release */ = {
			isa = XCBuildConfiguration;
			baseConfigurationReference = 4F2F894731254EDE16374A92 /* Pods-iPortal for Binusmaya.release.xcconfig */;
			buildSettings = {
				ASSETCATALOG_COMPILER_APPICON_NAME = AppIcon;
				CODE_SIGN_STYLE = Automatic;
				DEVELOPMENT_TEAM = 6RX8S2YB4Y;
				INFOPLIST_FILE = "iPortal for Binusmaya/Info.plist";
				LD_RUNPATH_SEARCH_PATHS = (
					"$(inherited)",
					"@executable_path/Frameworks",
				);
				PRODUCT_BUNDLE_IDENTIFIER = "com.kevinyulias.iPortal-for-Binusmaya";
				PRODUCT_NAME = "$(TARGET_NAME)";
				SWIFT_VERSION = 5.0;
				TARGETED_DEVICE_FAMILY = "1,2";
			};
			name = Release;
		};
		91C8B26C22ECAF40009DC08A /* Debug */ = {
			isa = XCBuildConfiguration;
			baseConfigurationReference = D4F385670D4872CAB61B5E06 /* Pods-iPortal for BinusmayaTests.debug.xcconfig */;
			buildSettings = {
				ALWAYS_EMBED_SWIFT_STANDARD_LIBRARIES = YES;
				BUNDLE_LOADER = "$(TEST_HOST)";
				CODE_SIGN_STYLE = Automatic;
				DEVELOPMENT_TEAM = 6RX8S2YB4Y;
				INFOPLIST_FILE = "iPortal for BinusmayaTests/Info.plist";
				LD_RUNPATH_SEARCH_PATHS = (
					"$(inherited)",
					"@executable_path/Frameworks",
					"@loader_path/Frameworks",
				);
				PRODUCT_BUNDLE_IDENTIFIER = "com.kevinyulias.iPortal-for-BinusmayaTests";
				PRODUCT_NAME = "$(TARGET_NAME)";
				SWIFT_VERSION = 5.0;
				TARGETED_DEVICE_FAMILY = "1,2";
				TEST_HOST = "$(BUILT_PRODUCTS_DIR)/iPortal for Binusmaya.app/iPortal for Binusmaya";
			};
			name = Debug;
		};
		91C8B26D22ECAF40009DC08A /* Release */ = {
			isa = XCBuildConfiguration;
			baseConfigurationReference = 663CAE1796BEAC2029C37099 /* Pods-iPortal for BinusmayaTests.release.xcconfig */;
			buildSettings = {
				ALWAYS_EMBED_SWIFT_STANDARD_LIBRARIES = YES;
				BUNDLE_LOADER = "$(TEST_HOST)";
				CODE_SIGN_STYLE = Automatic;
				DEVELOPMENT_TEAM = 6RX8S2YB4Y;
				INFOPLIST_FILE = "iPortal for BinusmayaTests/Info.plist";
				LD_RUNPATH_SEARCH_PATHS = (
					"$(inherited)",
					"@executable_path/Frameworks",
					"@loader_path/Frameworks",
				);
				PRODUCT_BUNDLE_IDENTIFIER = "com.kevinyulias.iPortal-for-BinusmayaTests";
				PRODUCT_NAME = "$(TARGET_NAME)";
				SWIFT_VERSION = 5.0;
				TARGETED_DEVICE_FAMILY = "1,2";
				TEST_HOST = "$(BUILT_PRODUCTS_DIR)/iPortal for Binusmaya.app/iPortal for Binusmaya";
			};
			name = Release;
		};
		91C8B26F22ECAF40009DC08A /* Debug */ = {
			isa = XCBuildConfiguration;
			baseConfigurationReference = 451B938460ED7B7C7F0825F1 /* Pods-iPortal for BinusmayaUITests.debug.xcconfig */;
			buildSettings = {
				ALWAYS_EMBED_SWIFT_STANDARD_LIBRARIES = YES;
				CODE_SIGN_STYLE = Automatic;
				DEVELOPMENT_TEAM = 6RX8S2YB4Y;
				INFOPLIST_FILE = "iPortal for BinusmayaUITests/Info.plist";
				LD_RUNPATH_SEARCH_PATHS = (
					"$(inherited)",
					"@executable_path/Frameworks",
					"@loader_path/Frameworks",
				);
				PRODUCT_BUNDLE_IDENTIFIER = "com.kevinyulias.iPortal-for-BinusmayaUITests";
				PRODUCT_NAME = "$(TARGET_NAME)";
				SWIFT_VERSION = 5.0;
				TARGETED_DEVICE_FAMILY = "1,2";
				TEST_TARGET_NAME = "iPortal for Binusmaya";
			};
			name = Debug;
		};
		91C8B27022ECAF40009DC08A /* Release */ = {
			isa = XCBuildConfiguration;
			baseConfigurationReference = 472FBF8EE0119E88E747D2AD /* Pods-iPortal for BinusmayaUITests.release.xcconfig */;
			buildSettings = {
				ALWAYS_EMBED_SWIFT_STANDARD_LIBRARIES = YES;
				CODE_SIGN_STYLE = Automatic;
				DEVELOPMENT_TEAM = 6RX8S2YB4Y;
				INFOPLIST_FILE = "iPortal for BinusmayaUITests/Info.plist";
				LD_RUNPATH_SEARCH_PATHS = (
					"$(inherited)",
					"@executable_path/Frameworks",
					"@loader_path/Frameworks",
				);
				PRODUCT_BUNDLE_IDENTIFIER = "com.kevinyulias.iPortal-for-BinusmayaUITests";
				PRODUCT_NAME = "$(TARGET_NAME)";
				SWIFT_VERSION = 5.0;
				TARGETED_DEVICE_FAMILY = "1,2";
				TEST_TARGET_NAME = "iPortal for Binusmaya";
			};
			name = Release;
		};
/* End XCBuildConfiguration section */

/* Begin XCConfigurationList section */
		91C8B23B22ECAF3D009DC08A /* Build configuration list for PBXProject "iPortal for Binusmaya" */ = {
			isa = XCConfigurationList;
			buildConfigurations = (
				91C8B26622ECAF40009DC08A /* Debug */,
				91C8B26722ECAF40009DC08A /* Release */,
			);
			defaultConfigurationIsVisible = 0;
			defaultConfigurationName = Release;
		};
		91C8B26822ECAF40009DC08A /* Build configuration list for PBXNativeTarget "iPortal for Binusmaya" */ = {
			isa = XCConfigurationList;
			buildConfigurations = (
				91C8B26922ECAF40009DC08A /* Debug */,
				91C8B26A22ECAF40009DC08A /* Release */,
			);
			defaultConfigurationIsVisible = 0;
			defaultConfigurationName = Release;
		};
		91C8B26B22ECAF40009DC08A /* Build configuration list for PBXNativeTarget "iPortal for BinusmayaTests" */ = {
			isa = XCConfigurationList;
			buildConfigurations = (
				91C8B26C22ECAF40009DC08A /* Debug */,
				91C8B26D22ECAF40009DC08A /* Release */,
			);
			defaultConfigurationIsVisible = 0;
			defaultConfigurationName = Release;
		};
		91C8B26E22ECAF40009DC08A /* Build configuration list for PBXNativeTarget "iPortal for BinusmayaUITests" */ = {
			isa = XCConfigurationList;
			buildConfigurations = (
				91C8B26F22ECAF40009DC08A /* Debug */,
				91C8B27022ECAF40009DC08A /* Release */,
			);
			defaultConfigurationIsVisible = 0;
			defaultConfigurationName = Release;
		};
/* End XCConfigurationList section */
	};
	rootObject = 91C8B23822ECAF3D009DC08A /* Project object */;
}
